
Microsoft Visual Studio Solution File, Format Version 12.00
# Visual Studio Version 17
VisualStudioVersion = 17.7.34024.191
MinimumVisualStudioVersion = 10.0.40219.1
Project("{8BC9CEB8-8B4A-11D0-8D11-00A0C91BC942}") = "Topic 3 Virtual methods", "Topic 3 Virtual methods\Topic 3 Virtual methods.vcxproj", "{FE0C8FB7-4A9F-4F04-BDA7-7EAD377A4D12}"
EndProject
Global
	GlobalSection(SolutionConfigurationPlatforms) = preSolution
		Debug|x64 = Debug|x64
		Debug|x86 = Debug|x86
		Release|x64 = Release|x64
		Release|x86 = Release|x86
	EndGlobalSection
	GlobalSection(ProjectConfigurationPlatforms) = postSolution
		{FE0C8FB7-4A9F-4F04-BDA7-7EAD377A4D12}.Debug|x64.ActiveCfg = Debug|x64
		{FE0C8FB7-4A9F-4F04-BDA7-7EAD377A4D12}.Debug|x64.Build.0 = Debug|x64
		{FE0C8FB7-4A9F-4F04-BDA7-7EAD377A4D12}.Debug|x86.ActiveCfg = Debug|Win32
		{FE0C8FB7-4A9F-4F04-BDA7-7EAD377A4D12}.Debug|x86.Build.0 = Debug|Win32
		{FE0C8FB7-4A9F-4F04-BDA7-7EAD377A4D12}.Release|x64.ActiveCfg = Release|x64
		{FE0C8FB7-4A9F-4F04-BDA7-7EAD377A4D12}.Release|x64.Build.0 = Release|x64
		{FE0C8FB7-4A9F-4F04-BDA7-7EAD377A4D12}.Release|x86.ActiveCfg = Release|Win32
		{FE0C8FB7-4A9F-4F04-BDA7-7EAD377A4D12}.Release|x86.Build.0 = Release|Win32
	EndGlobalSection
	GlobalSection(SolutionProperties) = preSolution
		HideSolutionNode = FALSE
	EndGlobalSection
	GlobalSection(ExtensibilityGlobals) = postSolution
		SolutionGuid = {1607E3EC-FF78-4C5F-A563-AEAA02F07AE5}
	EndGlobalSection
EndGlobal
